
Microsoft Visual Studio Solution File, Format Version 12.00
# Visual Studio 15
VisualStudioVersion = 15.0.28307.705
MinimumVisualStudioVersion = 10.0.40219.1
Project("{6989167D-11E4-40FE-8C1A-2192A86A7E90}") = "libmath", "libmath\libmath.vfproj", "{73305E33-7828-4CE2-BD66-ABA3541421C0}"
EndProject
Project("{6989167D-11E4-40FE-8C1A-2192A86A7E90}") = "New_Test", "New_Test\New_Test.vfproj", "{3111C3F5-A0F0-4910-81F5-904BA8111038}"
EndProject
Project("{6989167D-11E4-40FE-8C1A-2192A86A7E90}") = "FoggySim", "FoggySim\FoggySim.vfproj", "{CD56EB0C-C54F-4060-8014-F5F17F076466}"
EndProject
Project("{2150E333-8FDC-42A3-9474-1A3956D46DE8}") = "Solution Items", "Solution Items", "{003114FD-8F8B-44EB-A1AD-50E271A07F74}"
EndProject
Project("{6989167D-11E4-40FE-8C1A-2192A86A7E90}") = "libmlfmm", "libmlfmm\libmlfmm.vfproj", "{4DB48AE7-60C1-4C9A-8013-AB1B371AFB79}"
EndProject
Project("{6989167D-11E4-40FE-8C1A-2192A86A7E90}") = "libtree", "libtree\libtree.vfproj", "{1B0D595D-F180-4572-A7B2-B987F3B24BD1}"
EndProject
Global
	GlobalSection(SolutionConfigurationPlatforms) = preSolution
		Debug|Win32 = Debug|Win32
		Debug|x64 = Debug|x64
		Debug|x86 = Debug|x86
		Release|Win32 = Release|Win32
		Release|x64 = Release|x64
		Release|x86 = Release|x86
	EndGlobalSection
	GlobalSection(ProjectConfigurationPlatforms) = postSolution
		{73305E33-7828-4CE2-BD66-ABA3541421C0}.Debug|Win32.ActiveCfg = Debug|Win32
		{73305E33-7828-4CE2-BD66-ABA3541421C0}.Debug|Win32.Build.0 = Debug|Win32
		{73305E33-7828-4CE2-BD66-ABA3541421C0}.Debug|x64.ActiveCfg = Debug|x64
		{73305E33-7828-4CE2-BD66-ABA3541421C0}.Debug|x64.Build.0 = Debug|x64
		{73305E33-7828-4CE2-BD66-ABA3541421C0}.Debug|x86.ActiveCfg = Debug|Win32
		{73305E33-7828-4CE2-BD66-ABA3541421C0}.Debug|x86.Build.0 = Debug|Win32
		{73305E33-7828-4CE2-BD66-ABA3541421C0}.Release|Win32.ActiveCfg = Release|Win32
		{73305E33-7828-4CE2-BD66-ABA3541421C0}.Release|Win32.Build.0 = Release|Win32
		{73305E33-7828-4CE2-BD66-ABA3541421C0}.Release|x64.ActiveCfg = Release|x64
		{73305E33-7828-4CE2-BD66-ABA3541421C0}.Release|x64.Build.0 = Release|x64
		{73305E33-7828-4CE2-BD66-ABA3541421C0}.Release|x86.ActiveCfg = Release|Win32
		{73305E33-7828-4CE2-BD66-ABA3541421C0}.Release|x86.Build.0 = Release|Win32
		{3111C3F5-A0F0-4910-81F5-904BA8111038}.Debug|Win32.ActiveCfg = Debug|Win32
		{3111C3F5-A0F0-4910-81F5-904BA8111038}.Debug|Win32.Build.0 = Debug|Win32
		{3111C3F5-A0F0-4910-81F5-904BA8111038}.Debug|x64.ActiveCfg = Debug|x64
		{3111C3F5-A0F0-4910-81F5-904BA8111038}.Debug|x64.Build.0 = Debug|x64
		{3111C3F5-A0F0-4910-81F5-904BA8111038}.Debug|x86.ActiveCfg = Debug|Win32
		{3111C3F5-A0F0-4910-81F5-904BA8111038}.Debug|x86.Build.0 = Debug|Win32
		{3111C3F5-A0F0-4910-81F5-904BA8111038}.Release|Win32.ActiveCfg = Release|Win32
		{3111C3F5-A0F0-4910-81F5-904BA8111038}.Release|Win32.Build.0 = Release|Win32
		{3111C3F5-A0F0-4910-81F5-904BA8111038}.Release|x64.ActiveCfg = Release|Win32
		{3111C3F5-A0F0-4910-81F5-904BA8111038}.Release|x86.ActiveCfg = Release|Win32
		{3111C3F5-A0F0-4910-81F5-904BA8111038}.Release|x86.Build.0 = Release|Win32
		{CD56EB0C-C54F-4060-8014-F5F17F076466}.Debug|Win32.ActiveCfg = Debug|Win32
		{CD56EB0C-C54F-4060-8014-F5F17F076466}.Debug|Win32.Build.0 = Debug|Win32
		{CD56EB0C-C54F-4060-8014-F5F17F076466}.Debug|x64.ActiveCfg = Debug|x64
		{CD56EB0C-C54F-4060-8014-F5F17F076466}.Debug|x64.Build.0 = Debug|x64
		{CD56EB0C-C54F-4060-8014-F5F17F076466}.Debug|x86.ActiveCfg = Debug|Win32
		{CD56EB0C-C54F-4060-8014-F5F17F076466}.Debug|x86.Build.0 = Debug|Win32
		{CD56EB0C-C54F-4060-8014-F5F17F076466}.Release|Win32.ActiveCfg = Release|Win32
		{CD56EB0C-C54F-4060-8014-F5F17F076466}.Release|Win32.Build.0 = Release|Win32
		{CD56EB0C-C54F-4060-8014-F5F17F076466}.Release|x64.ActiveCfg = Release|x64
		{CD56EB0C-C54F-4060-8014-F5F17F076466}.Release|x64.Build.0 = Release|x64
		{CD56EB0C-C54F-4060-8014-F5F17F076466}.Release|x86.ActiveCfg = Release|Win32
		{CD56EB0C-C54F-4060-8014-F5F17F076466}.Release|x86.Build.0 = Release|Win32
		{4DB48AE7-60C1-4C9A-8013-AB1B371AFB79}.Debug|Win32.ActiveCfg = Debug|Win32
		{4DB48AE7-60C1-4C9A-8013-AB1B371AFB79}.Debug|Win32.Build.0 = Debug|Win32
		{4DB48AE7-60C1-4C9A-8013-AB1B371AFB79}.Debug|x64.ActiveCfg = Debug|x64
		{4DB48AE7-60C1-4C9A-8013-AB1B371AFB79}.Debug|x64.Build.0 = Debug|x64
		{4DB48AE7-60C1-4C9A-8013-AB1B371AFB79}.Debug|x86.ActiveCfg = Debug|Win32
		{4DB48AE7-60C1-4C9A-8013-AB1B371AFB79}.Debug|x86.Build.0 = Debug|Win32
		{4DB48AE7-60C1-4C9A-8013-AB1B371AFB79}.Release|Win32.ActiveCfg = Release|Win32
		{4DB48AE7-60C1-4C9A-8013-AB1B371AFB79}.Release|Win32.Build.0 = Release|Win32
		{4DB48AE7-60C1-4C9A-8013-AB1B371AFB79}.Release|x64.ActiveCfg = Release|x64
		{4DB48AE7-60C1-4C9A-8013-AB1B371AFB79}.Release|x64.Build.0 = Release|x64
		{4DB48AE7-60C1-4C9A-8013-AB1B371AFB79}.Release|x86.ActiveCfg = Release|Win32
		{4DB48AE7-60C1-4C9A-8013-AB1B371AFB79}.Release|x86.Build.0 = Release|Win32
		{1B0D595D-F180-4572-A7B2-B987F3B24BD1}.Debug|Win32.ActiveCfg = Debug|Win32
		{1B0D595D-F180-4572-A7B2-B987F3B24BD1}.Debug|Win32.Build.0 = Debug|Win32
		{1B0D595D-F180-4572-A7B2-B987F3B24BD1}.Debug|x64.ActiveCfg = Debug|x64
		{1B0D595D-F180-4572-A7B2-B987F3B24BD1}.Debug|x64.Build.0 = Debug|x64
		{1B0D595D-F180-4572-A7B2-B987F3B24BD1}.Debug|x86.ActiveCfg = Debug|Win32
		{1B0D595D-F180-4572-A7B2-B987F3B24BD1}.Debug|x86.Build.0 = Debug|Win32
		{1B0D595D-F180-4572-A7B2-B987F3B24BD1}.Release|Win32.ActiveCfg = Release|Win32
		{1B0D595D-F180-4572-A7B2-B987F3B24BD1}.Release|Win32.Build.0 = Release|Win32
		{1B0D595D-F180-4572-A7B2-B987F3B24BD1}.Release|x64.ActiveCfg = Release|x64
		{1B0D595D-F180-4572-A7B2-B987F3B24BD1}.Release|x64.Build.0 = Release|x64
		{1B0D595D-F180-4572-A7B2-B987F3B24BD1}.Release|x86.ActiveCfg = Release|Win32
		{1B0D595D-F180-4572-A7B2-B987F3B24BD1}.Release|x86.Build.0 = Release|Win32
	EndGlobalSection
	GlobalSection(SolutionProperties) = preSolution
		HideSolutionNode = FALSE
	EndGlobalSection
	GlobalSection(ExtensibilityGlobals) = postSolution
		SolutionGuid = {FB7EDDA8-496C-4124-BDF2-704D9468EE7A}
	EndGlobalSection
EndGlobal
