
Microsoft Visual Studio Solution File, Format Version 12.00
# Visual Studio 15
VisualStudioVersion = 15.0.28307.705
MinimumVisualStudioVersion = 10.0.40219.1
Project("{6989167D-11E4-40FE-8C1A-2192A86A7E90}") = "libmath", "src\lib\libmath\libmath.vfproj", "{73305E33-7828-4CE2-BD66-ABA3541421C0}"
	ProjectSection(ProjectDependencies) = postProject
		{80984653-D797-46C5-B8EC-3DE6B5BA4634} = {80984653-D797-46C5-B8EC-3DE6B5BA4634}
	EndProjectSection
EndProject
Project("{6989167D-11E4-40FE-8C1A-2192A86A7E90}") = "libtoolbox", "src\lib\libtoolbox\libtoolbox.vfproj", "{27F82D77-6DD8-4BB8-983B-50B43BC563FF}"
EndProject
Project("{6989167D-11E4-40FE-8C1A-2192A86A7E90}") = "libtree", "src\lib\libtree\libtree.vfproj", "{1B0D595D-F180-4572-A7B2-B987F3B24BD1}"
	ProjectSection(ProjectDependencies) = postProject
		{73305E33-7828-4CE2-BD66-ABA3541421C0} = {73305E33-7828-4CE2-BD66-ABA3541421C0}
		{27F82D77-6DD8-4BB8-983B-50B43BC563FF} = {27F82D77-6DD8-4BB8-983B-50B43BC563FF}
	EndProjectSection
EndProject
Project("{6989167D-11E4-40FE-8C1A-2192A86A7E90}") = "libmlfmm", "src\lib\libmlfmm\libmlfmm.vfproj", "{4DB48AE7-60C1-4C9A-8013-AB1B371AFB79}"
	ProjectSection(ProjectDependencies) = postProject
		{73305E33-7828-4CE2-BD66-ABA3541421C0} = {73305E33-7828-4CE2-BD66-ABA3541421C0}
		{1B0D595D-F180-4572-A7B2-B987F3B24BD1} = {1B0D595D-F180-4572-A7B2-B987F3B24BD1}
		{27F82D77-6DD8-4BB8-983B-50B43BC563FF} = {27F82D77-6DD8-4BB8-983B-50B43BC563FF}
	EndProjectSection
EndProject
Project("{6989167D-11E4-40FE-8C1A-2192A86A7E90}") = "libmath_external", "src\lib\libmath_external\libmath_external.vfproj", "{80984653-D797-46C5-B8EC-3DE6B5BA4634}"
EndProject
Project("{6989167D-11E4-40FE-8C1A-2192A86A7E90}") = "SpeckleSim", "SpeckleSim.vfproj", "{3111C3F5-A0F0-4910-81F5-904BA8111038}"
	ProjectSection(ProjectDependencies) = postProject
		{73305E33-7828-4CE2-BD66-ABA3541421C0} = {73305E33-7828-4CE2-BD66-ABA3541421C0}
		{1B0D595D-F180-4572-A7B2-B987F3B24BD1} = {1B0D595D-F180-4572-A7B2-B987F3B24BD1}
		{27F82D77-6DD8-4BB8-983B-50B43BC563FF} = {27F82D77-6DD8-4BB8-983B-50B43BC563FF}
		{4DB48AE7-60C1-4C9A-8013-AB1B371AFB79} = {4DB48AE7-60C1-4C9A-8013-AB1B371AFB79}
	EndProjectSection
EndProject
Project("{2150E333-8FDC-42A3-9474-1A3956D46DE8}") = "lib", "lib", "{1AA34D6B-B7B8-475D-AE4A-082284912B41}"
EndProject
Project("{6989167D-11E4-40FE-8C1A-2192A86A7E90}") = "libcomsol", "src\lib\libcomsol\libcomsol.vfproj", "{571E3FD6-F1B9-4DCE-BDE9-DD439CDB490D}"
EndProject
Project("{6989167D-11E4-40FE-8C1A-2192A86A7E90}") = "libjson", "src\lib\libjson\libjson.vfproj", "{FC776A4E-DBE8-43A8-8AB4-04A4B25C67EF}"
EndProject
Project("{6989167D-11E4-40FE-8C1A-2192A86A7E90}") = "lib_output", "src\lib\lib_output\lib_output.vfproj", "{F3F9CED7-C285-49BA-B08C-2576BF25CDE7}"
EndProject
Project("{2150E333-8FDC-42A3-9474-1A3956D46DE8}") = "Solution Items", "Solution Items", "{C5079D49-7E9F-4485-B124-982ACB5D91D8}"
	ProjectSection(SolutionItems) = preProject
		Doxyfile = Doxyfile
	EndProjectSection
EndProject
Global
	GlobalSection(SolutionConfigurationPlatforms) = preSolution
		Debug|Any CPU = Debug|Any CPU
		Debug|x64 = Debug|x64
		Debug|x86 = Debug|x86
		Release|Any CPU = Release|Any CPU
		Release|x64 = Release|x64
		Release|x86 = Release|x86
	EndGlobalSection
	GlobalSection(ProjectConfigurationPlatforms) = postSolution
		{73305E33-7828-4CE2-BD66-ABA3541421C0}.Debug|Any CPU.ActiveCfg = Debug|Win32
		{73305E33-7828-4CE2-BD66-ABA3541421C0}.Debug|x64.ActiveCfg = Debug|x64
		{73305E33-7828-4CE2-BD66-ABA3541421C0}.Debug|x64.Build.0 = Debug|x64
		{73305E33-7828-4CE2-BD66-ABA3541421C0}.Debug|x86.ActiveCfg = Debug|Win32
		{73305E33-7828-4CE2-BD66-ABA3541421C0}.Debug|x86.Build.0 = Debug|Win32
		{73305E33-7828-4CE2-BD66-ABA3541421C0}.Release|Any CPU.ActiveCfg = Release|Win32
		{73305E33-7828-4CE2-BD66-ABA3541421C0}.Release|x64.ActiveCfg = Release|x64
		{73305E33-7828-4CE2-BD66-ABA3541421C0}.Release|x64.Build.0 = Release|x64
		{73305E33-7828-4CE2-BD66-ABA3541421C0}.Release|x86.ActiveCfg = Release|Win32
		{73305E33-7828-4CE2-BD66-ABA3541421C0}.Release|x86.Build.0 = Release|Win32
		{27F82D77-6DD8-4BB8-983B-50B43BC563FF}.Debug|Any CPU.ActiveCfg = Debug|Win32
		{27F82D77-6DD8-4BB8-983B-50B43BC563FF}.Debug|x64.ActiveCfg = Debug|x64
		{27F82D77-6DD8-4BB8-983B-50B43BC563FF}.Debug|x64.Build.0 = Debug|x64
		{27F82D77-6DD8-4BB8-983B-50B43BC563FF}.Debug|x86.ActiveCfg = Debug|Win32
		{27F82D77-6DD8-4BB8-983B-50B43BC563FF}.Debug|x86.Build.0 = Debug|Win32
		{27F82D77-6DD8-4BB8-983B-50B43BC563FF}.Release|Any CPU.ActiveCfg = Release|Win32
		{27F82D77-6DD8-4BB8-983B-50B43BC563FF}.Release|x64.ActiveCfg = Release|Win32
		{27F82D77-6DD8-4BB8-983B-50B43BC563FF}.Release|x86.ActiveCfg = Release|Win32
		{27F82D77-6DD8-4BB8-983B-50B43BC563FF}.Release|x86.Build.0 = Release|Win32
		{1B0D595D-F180-4572-A7B2-B987F3B24BD1}.Debug|Any CPU.ActiveCfg = Debug|Win32
		{1B0D595D-F180-4572-A7B2-B987F3B24BD1}.Debug|x64.ActiveCfg = Debug|x64
		{1B0D595D-F180-4572-A7B2-B987F3B24BD1}.Debug|x64.Build.0 = Debug|x64
		{1B0D595D-F180-4572-A7B2-B987F3B24BD1}.Debug|x86.ActiveCfg = Debug|Win32
		{1B0D595D-F180-4572-A7B2-B987F3B24BD1}.Debug|x86.Build.0 = Debug|Win32
		{1B0D595D-F180-4572-A7B2-B987F3B24BD1}.Release|Any CPU.ActiveCfg = Release|Win32
		{1B0D595D-F180-4572-A7B2-B987F3B24BD1}.Release|x64.ActiveCfg = Release|Win32
		{1B0D595D-F180-4572-A7B2-B987F3B24BD1}.Release|x86.ActiveCfg = Release|Win32
		{1B0D595D-F180-4572-A7B2-B987F3B24BD1}.Release|x86.Build.0 = Release|Win32
		{4DB48AE7-60C1-4C9A-8013-AB1B371AFB79}.Debug|Any CPU.ActiveCfg = Debug|Win32
		{4DB48AE7-60C1-4C9A-8013-AB1B371AFB79}.Debug|x64.ActiveCfg = Debug|x64
		{4DB48AE7-60C1-4C9A-8013-AB1B371AFB79}.Debug|x64.Build.0 = Debug|x64
		{4DB48AE7-60C1-4C9A-8013-AB1B371AFB79}.Debug|x86.ActiveCfg = Debug|Win32
		{4DB48AE7-60C1-4C9A-8013-AB1B371AFB79}.Debug|x86.Build.0 = Debug|Win32
		{4DB48AE7-60C1-4C9A-8013-AB1B371AFB79}.Release|Any CPU.ActiveCfg = Release|Win32
		{4DB48AE7-60C1-4C9A-8013-AB1B371AFB79}.Release|x64.ActiveCfg = Release|Win32
		{4DB48AE7-60C1-4C9A-8013-AB1B371AFB79}.Release|x86.ActiveCfg = Release|Win32
		{4DB48AE7-60C1-4C9A-8013-AB1B371AFB79}.Release|x86.Build.0 = Release|Win32
		{80984653-D797-46C5-B8EC-3DE6B5BA4634}.Debug|Any CPU.ActiveCfg = Debug|Win32
		{80984653-D797-46C5-B8EC-3DE6B5BA4634}.Debug|x64.ActiveCfg = Debug|x64
		{80984653-D797-46C5-B8EC-3DE6B5BA4634}.Debug|x64.Build.0 = Debug|x64
		{80984653-D797-46C5-B8EC-3DE6B5BA4634}.Debug|x86.ActiveCfg = Debug|Win32
		{80984653-D797-46C5-B8EC-3DE6B5BA4634}.Debug|x86.Build.0 = Debug|Win32
		{80984653-D797-46C5-B8EC-3DE6B5BA4634}.Release|Any CPU.ActiveCfg = Release|Win32
		{80984653-D797-46C5-B8EC-3DE6B5BA4634}.Release|x64.ActiveCfg = Release|x64
		{80984653-D797-46C5-B8EC-3DE6B5BA4634}.Release|x64.Build.0 = Release|x64
		{80984653-D797-46C5-B8EC-3DE6B5BA4634}.Release|x86.ActiveCfg = Release|Win32
		{80984653-D797-46C5-B8EC-3DE6B5BA4634}.Release|x86.Build.0 = Release|Win32
		{3111C3F5-A0F0-4910-81F5-904BA8111038}.Debug|Any CPU.ActiveCfg = Debug|Win32
		{3111C3F5-A0F0-4910-81F5-904BA8111038}.Debug|x64.ActiveCfg = Debug|x64
		{3111C3F5-A0F0-4910-81F5-904BA8111038}.Debug|x64.Build.0 = Debug|x64
		{3111C3F5-A0F0-4910-81F5-904BA8111038}.Debug|x86.ActiveCfg = Debug|Win32
		{3111C3F5-A0F0-4910-81F5-904BA8111038}.Debug|x86.Build.0 = Debug|Win32
		{3111C3F5-A0F0-4910-81F5-904BA8111038}.Release|Any CPU.ActiveCfg = Release|Win32
		{3111C3F5-A0F0-4910-81F5-904BA8111038}.Release|x64.ActiveCfg = Release|x64
		{3111C3F5-A0F0-4910-81F5-904BA8111038}.Release|x64.Build.0 = Release|x64
		{3111C3F5-A0F0-4910-81F5-904BA8111038}.Release|x86.ActiveCfg = Release|Win32
		{3111C3F5-A0F0-4910-81F5-904BA8111038}.Release|x86.Build.0 = Release|Win32
		{571E3FD6-F1B9-4DCE-BDE9-DD439CDB490D}.Debug|Any CPU.ActiveCfg = Debug|Win32
		{571E3FD6-F1B9-4DCE-BDE9-DD439CDB490D}.Debug|x64.ActiveCfg = Debug|x64
		{571E3FD6-F1B9-4DCE-BDE9-DD439CDB490D}.Debug|x64.Build.0 = Debug|x64
		{571E3FD6-F1B9-4DCE-BDE9-DD439CDB490D}.Debug|x86.ActiveCfg = Debug|Win32
		{571E3FD6-F1B9-4DCE-BDE9-DD439CDB490D}.Debug|x86.Build.0 = Debug|Win32
		{571E3FD6-F1B9-4DCE-BDE9-DD439CDB490D}.Release|Any CPU.ActiveCfg = Release|Win32
		{571E3FD6-F1B9-4DCE-BDE9-DD439CDB490D}.Release|x64.ActiveCfg = Release|x64
		{571E3FD6-F1B9-4DCE-BDE9-DD439CDB490D}.Release|x64.Build.0 = Release|x64
		{571E3FD6-F1B9-4DCE-BDE9-DD439CDB490D}.Release|x86.ActiveCfg = Release|Win32
		{571E3FD6-F1B9-4DCE-BDE9-DD439CDB490D}.Release|x86.Build.0 = Release|Win32
		{FC776A4E-DBE8-43A8-8AB4-04A4B25C67EF}.Debug|Any CPU.ActiveCfg = Debug|Win32
		{FC776A4E-DBE8-43A8-8AB4-04A4B25C67EF}.Debug|x64.ActiveCfg = Debug|x64
		{FC776A4E-DBE8-43A8-8AB4-04A4B25C67EF}.Debug|x64.Build.0 = Debug|x64
		{FC776A4E-DBE8-43A8-8AB4-04A4B25C67EF}.Debug|x86.ActiveCfg = Debug|Win32
		{FC776A4E-DBE8-43A8-8AB4-04A4B25C67EF}.Debug|x86.Build.0 = Debug|Win32
		{FC776A4E-DBE8-43A8-8AB4-04A4B25C67EF}.Release|Any CPU.ActiveCfg = Release|Win32
		{FC776A4E-DBE8-43A8-8AB4-04A4B25C67EF}.Release|x64.ActiveCfg = Release|x64
		{FC776A4E-DBE8-43A8-8AB4-04A4B25C67EF}.Release|x64.Build.0 = Release|x64
		{FC776A4E-DBE8-43A8-8AB4-04A4B25C67EF}.Release|x86.ActiveCfg = Release|Win32
		{FC776A4E-DBE8-43A8-8AB4-04A4B25C67EF}.Release|x86.Build.0 = Release|Win32
		{F3F9CED7-C285-49BA-B08C-2576BF25CDE7}.Debug|Any CPU.ActiveCfg = Debug|Win32
		{F3F9CED7-C285-49BA-B08C-2576BF25CDE7}.Debug|x64.ActiveCfg = Debug|x64
		{F3F9CED7-C285-49BA-B08C-2576BF25CDE7}.Debug|x64.Build.0 = Debug|x64
		{F3F9CED7-C285-49BA-B08C-2576BF25CDE7}.Debug|x86.ActiveCfg = Debug|Win32
		{F3F9CED7-C285-49BA-B08C-2576BF25CDE7}.Debug|x86.Build.0 = Debug|Win32
		{F3F9CED7-C285-49BA-B08C-2576BF25CDE7}.Release|Any CPU.ActiveCfg = Release|Win32
		{F3F9CED7-C285-49BA-B08C-2576BF25CDE7}.Release|x64.ActiveCfg = Release|x64
		{F3F9CED7-C285-49BA-B08C-2576BF25CDE7}.Release|x64.Build.0 = Release|x64
		{F3F9CED7-C285-49BA-B08C-2576BF25CDE7}.Release|x86.ActiveCfg = Release|Win32
		{F3F9CED7-C285-49BA-B08C-2576BF25CDE7}.Release|x86.Build.0 = Release|Win32
	EndGlobalSection
	GlobalSection(SolutionProperties) = preSolution
		HideSolutionNode = FALSE
	EndGlobalSection
	GlobalSection(NestedProjects) = preSolution
		{73305E33-7828-4CE2-BD66-ABA3541421C0} = {1AA34D6B-B7B8-475D-AE4A-082284912B41}
		{27F82D77-6DD8-4BB8-983B-50B43BC563FF} = {1AA34D6B-B7B8-475D-AE4A-082284912B41}
		{1B0D595D-F180-4572-A7B2-B987F3B24BD1} = {1AA34D6B-B7B8-475D-AE4A-082284912B41}
		{4DB48AE7-60C1-4C9A-8013-AB1B371AFB79} = {1AA34D6B-B7B8-475D-AE4A-082284912B41}
		{80984653-D797-46C5-B8EC-3DE6B5BA4634} = {1AA34D6B-B7B8-475D-AE4A-082284912B41}
		{571E3FD6-F1B9-4DCE-BDE9-DD439CDB490D} = {1AA34D6B-B7B8-475D-AE4A-082284912B41}
		{FC776A4E-DBE8-43A8-8AB4-04A4B25C67EF} = {1AA34D6B-B7B8-475D-AE4A-082284912B41}
		{F3F9CED7-C285-49BA-B08C-2576BF25CDE7} = {1AA34D6B-B7B8-475D-AE4A-082284912B41}
	EndGlobalSection
	GlobalSection(ExtensibilityGlobals) = postSolution
		SolutionGuid = {FB7EDDA8-496C-4124-BDF2-704D9468EE7A}
	EndGlobalSection
EndGlobal
